
Microsoft Visual Studio Solution File, Format Version 12.00
# Visual Studio Version 17
VisualStudioVersion = 17.14.36408.4
MinimumVisualStudioVersion = 10.0.40219.1
Project("{FAE04EC0-301F-11D3-BF4B-00C04F79EFBC}") = "MusicServices", "MusicServices\MusicServices.csproj", "{50378344-A65C-4909-9481-CB66D9ABC1C6}"
EndProject
Project("{FAE04EC0-301F-11D3-BF4B-00C04F79EFBC}") = "MusicServices.Test.Unit", "MusicServices.Test.Unit\MusicServices.Test.Unit.csproj", "{E911C67C-E75E-437F-9A0C-7C2F85A6479E}"
EndProject
Project("{FAE04EC0-301F-11D3-BF4B-00C04F79EFBC}") = "MusicAgent.Console", "MusicAgent.Console\MusicAgent.Console.csproj", "{A3E53FC5-D8B9-4783-9629-EC99EEFD1249}"
EndProject
Project("{FAE04EC0-301F-11D3-BF4B-00C04F79EFBC}") = "MusicAgent.Blazor", "MusicAgent.Blazor\MusicAgent.Blazor\MusicAgent.Blazor.csproj", "{D12D3C2D-B4F3-491F-A121-11D7D38276F3}"
EndProject
Project("{FAE04EC0-301F-11D3-BF4B-00C04F79EFBC}") = "MusicAgent.Blazor.Client", "MusicAgent.Blazor\MusicAgent.Blazor.Client\MusicAgent.Blazor.Client.csproj", "{D64FC766-0400-4CF7-A311-1A0A047FB90B}"
EndProject
Project("{2150E333-8FDC-42A3-9474-1A3956D46DE8}") = "Notes", "Notes", "{02EA681E-C7D8-13C7-8484-4AC65E1B71E8}"
	ProjectSection(SolutionItems) = preProject
		configuration.txt = configuration.txt
	EndProjectSection
EndProject
Global
	GlobalSection(SolutionConfigurationPlatforms) = preSolution
		Debug|Any CPU = Debug|Any CPU
		Release|Any CPU = Release|Any CPU
	EndGlobalSection
	GlobalSection(ProjectConfigurationPlatforms) = postSolution
		{50378344-A65C-4909-9481-CB66D9ABC1C6}.Debug|Any CPU.ActiveCfg = Debug|Any CPU
		{50378344-A65C-4909-9481-CB66D9ABC1C6}.Debug|Any CPU.Build.0 = Debug|Any CPU
		{50378344-A65C-4909-9481-CB66D9ABC1C6}.Release|Any CPU.ActiveCfg = Release|Any CPU
		{50378344-A65C-4909-9481-CB66D9ABC1C6}.Release|Any CPU.Build.0 = Release|Any CPU
		{E911C67C-E75E-437F-9A0C-7C2F85A6479E}.Debug|Any CPU.ActiveCfg = Debug|Any CPU
		{E911C67C-E75E-437F-9A0C-7C2F85A6479E}.Debug|Any CPU.Build.0 = Debug|Any CPU
		{E911C67C-E75E-437F-9A0C-7C2F85A6479E}.Release|Any CPU.ActiveCfg = Release|Any CPU
		{E911C67C-E75E-437F-9A0C-7C2F85A6479E}.Release|Any CPU.Build.0 = Release|Any CPU
		{A3E53FC5-D8B9-4783-9629-EC99EEFD1249}.Debug|Any CPU.ActiveCfg = Debug|Any CPU
		{A3E53FC5-D8B9-4783-9629-EC99EEFD1249}.Debug|Any CPU.Build.0 = Debug|Any CPU
		{A3E53FC5-D8B9-4783-9629-EC99EEFD1249}.Release|Any CPU.ActiveCfg = Release|Any CPU
		{A3E53FC5-D8B9-4783-9629-EC99EEFD1249}.Release|Any CPU.Build.0 = Release|Any CPU
		{D12D3C2D-B4F3-491F-A121-11D7D38276F3}.Debug|Any CPU.ActiveCfg = Debug|Any CPU
		{D12D3C2D-B4F3-491F-A121-11D7D38276F3}.Debug|Any CPU.Build.0 = Debug|Any CPU
		{D12D3C2D-B4F3-491F-A121-11D7D38276F3}.Release|Any CPU.ActiveCfg = Release|Any CPU
		{D12D3C2D-B4F3-491F-A121-11D7D38276F3}.Release|Any CPU.Build.0 = Release|Any CPU
		{D64FC766-0400-4CF7-A311-1A0A047FB90B}.Debug|Any CPU.ActiveCfg = Debug|Any CPU
		{D64FC766-0400-4CF7-A311-1A0A047FB90B}.Debug|Any CPU.Build.0 = Debug|Any CPU
		{D64FC766-0400-4CF7-A311-1A0A047FB90B}.Release|Any CPU.ActiveCfg = Release|Any CPU
		{D64FC766-0400-4CF7-A311-1A0A047FB90B}.Release|Any CPU.Build.0 = Release|Any CPU
	EndGlobalSection
	GlobalSection(SolutionProperties) = preSolution
		HideSolutionNode = FALSE
	EndGlobalSection
	GlobalSection(ExtensibilityGlobals) = postSolution
		SolutionGuid = {90B4D804-7C4D-4522-B059-1B298178306A}
	EndGlobalSection
EndGlobal
